
Microsoft Visual Studio Solution File, Format Version 12.00
# Visual Studio 2013
VisualStudioVersion = 12.0.31101.0
MinimumVisualStudioVersion = 10.0.40219.1
Project("{FAE04EC0-301F-11D3-BF4B-00C04F79EFBC}") = "LvChartPlugin", "LvChartPlugin\LvChartPlugin.csproj", "{8F734FFF-28CA-40EA-8334-88B6CF446843}"
EndProject
Project("{2150E333-8FDC-42A3-9474-1A3956D46DE8}") = ".nuget", ".nuget", "{21273C0C-C122-4E11-9908-538F8B6BF46E}"
	ProjectSection(SolutionItems) = preProject
		.nuget\NuGet.Config = .nuget\NuGet.Config
		.nuget\NuGet.exe = .nuget\NuGet.exe
		.nuget\NuGet.targets = .nuget\NuGet.targets
	EndProjectSection
EndProject
Project("{2150E333-8FDC-42A3-9474-1A3956D46DE8}") = "Solution Items", "Solution Items", "{CCB60A62-7535-41CC-9B55-70E16D506C3D}"
	ProjectSection(SolutionItems) = preProject
		LevelChartSample.png = LevelChartSample.png
		LevelTableSample.png = LevelTableSample.png
		README.md = README.md
	EndProjectSection
EndProject
Global
	GlobalSection(SolutionConfigurationPlatforms) = preSolution
		Debug|Any CPU = Debug|Any CPU
		Release|Any CPU = Release|Any CPU
	EndGlobalSection
	GlobalSection(ProjectConfigurationPlatforms) = postSolution
		{8F734FFF-28CA-40EA-8334-88B6CF446843}.Debug|Any CPU.ActiveCfg = Debug|Any CPU
		{8F734FFF-28CA-40EA-8334-88B6CF446843}.Debug|Any CPU.Build.0 = Debug|Any CPU
		{8F734FFF-28CA-40EA-8334-88B6CF446843}.Release|Any CPU.ActiveCfg = Release|Any CPU
		{8F734FFF-28CA-40EA-8334-88B6CF446843}.Release|Any CPU.Build.0 = Release|Any CPU
	EndGlobalSection
	GlobalSection(SolutionProperties) = preSolution
		HideSolutionNode = FALSE
	EndGlobalSection
EndGlobal
